
Microsoft Visual Studio Solution File, Format Version 12.00
# Visual Studio Version 17
VisualStudioVersion = 17.5.002.0
MinimumVisualStudioVersion = 10.0.40219.1
Project("{9A19103F-16F7-4668-BE54-9A1E7A4F7556}") = "Core", "Core\Core.csproj", "{E4384CA4-E93D-47FE-BA61-C225B1B3596E}"
EndProject
Project("{9A19103F-16F7-4668-BE54-9A1E7A4F7556}") = "Data", "Data\Data.csproj", "{82949C42-00D8-4F97-ABA0-9C2E000D6A58}"
EndProject
Project("{9A19103F-16F7-4668-BE54-9A1E7A4F7556}") = "Entity", "Entity\Entity.csproj", "{BEA8E77A-8BB5-4489-8717-D5AFD82A744C}"
EndProject
Project("{9A19103F-16F7-4668-BE54-9A1E7A4F7556}") = "Service", "Service\Service.csproj", "{178E97B4-BF96-4F40-BE33-AB820939DF1D}"
EndProject
Project("{9A19103F-16F7-4668-BE54-9A1E7A4F7556}") = "demoApp", "Web\demoApp.csproj", "{0BBF11A2-991E-47C0-B876-480FCB41A80D}"
EndProject
Global
	GlobalSection(SolutionConfigurationPlatforms) = preSolution
		Debug|Any CPU = Debug|Any CPU
		Release|Any CPU = Release|Any CPU
	EndGlobalSection
	GlobalSection(ProjectConfigurationPlatforms) = postSolution
		{E4384CA4-E93D-47FE-BA61-C225B1B3596E}.Debug|Any CPU.ActiveCfg = Debug|Any CPU
		{E4384CA4-E93D-47FE-BA61-C225B1B3596E}.Debug|Any CPU.Build.0 = Debug|Any CPU
		{E4384CA4-E93D-47FE-BA61-C225B1B3596E}.Release|Any CPU.ActiveCfg = Release|Any CPU
		{E4384CA4-E93D-47FE-BA61-C225B1B3596E}.Release|Any CPU.Build.0 = Release|Any CPU
		{82949C42-00D8-4F97-ABA0-9C2E000D6A58}.Debug|Any CPU.ActiveCfg = Debug|Any CPU
		{82949C42-00D8-4F97-ABA0-9C2E000D6A58}.Debug|Any CPU.Build.0 = Debug|Any CPU
		{82949C42-00D8-4F97-ABA0-9C2E000D6A58}.Release|Any CPU.ActiveCfg = Release|Any CPU
		{82949C42-00D8-4F97-ABA0-9C2E000D6A58}.Release|Any CPU.Build.0 = Release|Any CPU
		{BEA8E77A-8BB5-4489-8717-D5AFD82A744C}.Debug|Any CPU.ActiveCfg = Debug|Any CPU
		{BEA8E77A-8BB5-4489-8717-D5AFD82A744C}.Debug|Any CPU.Build.0 = Debug|Any CPU
		{BEA8E77A-8BB5-4489-8717-D5AFD82A744C}.Release|Any CPU.ActiveCfg = Release|Any CPU
		{BEA8E77A-8BB5-4489-8717-D5AFD82A744C}.Release|Any CPU.Build.0 = Release|Any CPU
		{178E97B4-BF96-4F40-BE33-AB820939DF1D}.Debug|Any CPU.ActiveCfg = Debug|Any CPU
		{178E97B4-BF96-4F40-BE33-AB820939DF1D}.Debug|Any CPU.Build.0 = Debug|Any CPU
		{178E97B4-BF96-4F40-BE33-AB820939DF1D}.Release|Any CPU.ActiveCfg = Release|Any CPU
		{178E97B4-BF96-4F40-BE33-AB820939DF1D}.Release|Any CPU.Build.0 = Release|Any CPU
		{0BBF11A2-991E-47C0-B876-480FCB41A80D}.Debug|Any CPU.ActiveCfg = Debug|Any CPU
		{0BBF11A2-991E-47C0-B876-480FCB41A80D}.Debug|Any CPU.Build.0 = Debug|Any CPU
		{0BBF11A2-991E-47C0-B876-480FCB41A80D}.Release|Any CPU.ActiveCfg = Release|Any CPU
		{0BBF11A2-991E-47C0-B876-480FCB41A80D}.Release|Any CPU.Build.0 = Release|Any CPU
	EndGlobalSection
	GlobalSection(SolutionProperties) = preSolution
		HideSolutionNode = FALSE
	EndGlobalSection
	GlobalSection(ExtensibilityGlobals) = postSolution
		SolutionGuid = {53D50A77-C3FB-431A-9F0B-B47D4C21C991}
	EndGlobalSection
EndGlobal
